
Microsoft Visual Studio Solution File, Format Version 12.00
# Visual Studio Version 16
VisualStudioVersion = 16.0.31515.178
MinimumVisualStudioVersion = 10.0.40219.1
Project("{9A19103F-16F7-4668-BE54-9A1E7A4F7556}") = "TestTextJustify", "TestTextJustify\TestTextJustify.csproj", "{BD7D9EAF-6815-45F8-A10C-0149B6A00CAE}"
EndProject
Global
	GlobalSection(SolutionConfigurationPlatforms) = preSolution
		Debug|Any CPU = Debug|Any CPU
		Release|Any CPU = Release|Any CPU
	EndGlobalSection
	GlobalSection(ProjectConfigurationPlatforms) = postSolution
		{BD7D9EAF-6815-45F8-A10C-0149B6A00CAE}.Debug|Any CPU.ActiveCfg = Debug|Any CPU
		{BD7D9EAF-6815-45F8-A10C-0149B6A00CAE}.Debug|Any CPU.Build.0 = Debug|Any CPU
		{BD7D9EAF-6815-45F8-A10C-0149B6A00CAE}.Release|Any CPU.ActiveCfg = Release|Any CPU
		{BD7D9EAF-6815-45F8-A10C-0149B6A00CAE}.Release|Any CPU.Build.0 = Release|Any CPU
	EndGlobalSection
	GlobalSection(SolutionProperties) = preSolution
		HideSolutionNode = FALSE
	EndGlobalSection
	GlobalSection(ExtensibilityGlobals) = postSolution
		SolutionGuid = {793DA928-A8A5-4715-8A16-204BB1AE002E}
	EndGlobalSection
EndGlobal
